// !$*UTF8*$!
{
	archiveVersion = 1;
	classes = {
	};
	objectVersion = 48;
	objects = {

/* Begin PBXBuildFile section */
		481571B41FEBF1F0009A5A28 /* cmykUIColor.swift in Sources */ = {isa = PBXBuildFile; fileRef = 481571B31FEBF1F0009A5A28 /* cmykUIColor.swift */; };
		481571C21FF17070009A5A28 /* StadiumSelectorViewController.swift in Sources */ = {isa = PBXBuildFile; fileRef = 481571C11FF17070009A5A28 /* StadiumSelectorViewController.swift */; };
		484B0C912014B97100D9BADE /* StadiumSelectorCell.swift in Sources */ = {isa = PBXBuildFile; fileRef = 484B0C902014B97100D9BADE /* StadiumSelectorCell.swift */; };
		4859594120153756003FC320 /* Localizable.strings in Resources */ = {isa = PBXBuildFile; fileRef = 4859594320153756003FC320 /* Localizable.strings */; };
		4859595520153B67003FC320 /* Main.storyboard in Resources */ = {isa = PBXBuildFile; fileRef = 4859595320153B67003FC320 /* Main.storyboard */; };
		4859595820153BDE003FC320 /* InfoPlist.strings in Resources */ = {isa = PBXBuildFile; fileRef = 4859595A20153BDE003FC320 /* InfoPlist.strings */; };
		489B745A1FE99BBE0020B4CB /* AppDelegate.swift in Sources */ = {isa = PBXBuildFile; fileRef = 489B74591FE99BBE0020B4CB /* AppDelegate.swift */; };
		489B745C1FE99BBE0020B4CB /* ViewController.swift in Sources */ = {isa = PBXBuildFile; fileRef = 489B745B1FE99BBE0020B4CB /* ViewController.swift */; };
		489B74611FE99BBE0020B4CB /* Assets.xcassets in Resources */ = {isa = PBXBuildFile; fileRef = 489B74601FE99BBE0020B4CB /* Assets.xcassets */; };
		489B74641FE99BBE0020B4CB /* LaunchScreen.storyboard in Resources */ = {isa = PBXBuildFile; fileRef = 489B74621FE99BBE0020B4CB /* LaunchScreen.storyboard */; };
		489B746E1FE99E510020B4CB /* StadionData.plist in Resources */ = {isa = PBXBuildFile; fileRef = 489B746D1FE99E510020B4CB /* StadionData.plist */; };
		489B74721FE9A7650020B4CB /* Stadium.swift in Sources */ = {isa = PBXBuildFile; fileRef = 489B74711FE9A7650020B4CB /* Stadium.swift */; };
		48FAAB5E2011365F006C8D61 /* distanceTexts.plist in Resources */ = {isa = PBXBuildFile; fileRef = 48FAAB602011365F006C8D61 /* distanceTexts.plist */; };
		48FD29A22027857800724D0C /* main.swift in Sources */ = {isa = PBXBuildFile; fileRef = 48FD29A12027857800724D0C /* main.swift */; };
		48FD29A72027870900724D0C /* supportfunctions.swift in Sources */ = {isa = PBXBuildFile; fileRef = 489B746F1FE99FF70020B4CB /* supportfunctions.swift */; };
/* End PBXBuildFile section */

/* Begin PBXCopyFilesBuildPhase section */
		48FD299D2027857800724D0C /* CopyFiles */ = {
			isa = PBXCopyFilesBuildPhase;
			buildActionMask = 2147483647;
			dstPath = /usr/share/man/man1/;
			dstSubfolderSpec = 0;
			files = (
			);
			runOnlyForDeploymentPostprocessing = 1;
		};
/* End PBXCopyFilesBuildPhase section */

/* Begin PBXFileReference section */
		481571B31FEBF1F0009A5A28 /* cmykUIColor.swift */ = {isa = PBXFileReference; lastKnownFileType = sourcecode.swift; path = cmykUIColor.swift; sourceTree = "<group>"; };
		481571C11FF17070009A5A28 /* StadiumSelectorViewController.swift */ = {isa = PBXFileReference; lastKnownFileType = sourcecode.swift; path = StadiumSelectorViewController.swift; sourceTree = "<group>"; };
		484B0C902014B97100D9BADE /* StadiumSelectorCell.swift */ = {isa = PBXFileReference; lastKnownFileType = sourcecode.swift; path = StadiumSelectorCell.swift; sourceTree = "<group>"; };
		4859595620153B9B003FC320 /* Info.plist */ = {isa = PBXFileReference; fileEncoding = 4; lastKnownFileType = text.plist.xml; path = Info.plist; sourceTree = "<group>"; };
		4859595B20153D00003FC320 /* Base */ = {isa = PBXFileReference; lastKnownFileType = file.storyboard; name = Base; path = Base.lproj/Main.storyboard; sourceTree = "<group>"; };
		4859595C20153D00003FC320 /* Base */ = {isa = PBXFileReference; lastKnownFileType = file.storyboard; name = Base; path = Base.lproj/LaunchScreen.storyboard; sourceTree = "<group>"; };
		4859595D20153D50003FC320 /* Base */ = {isa = PBXFileReference; lastKnownFileType = text.plist.strings; name = Base; path = Base.lproj/InfoPlist.strings; sourceTree = "<group>"; };
		4859595E20153D5F003FC320 /* Base */ = {isa = PBXFileReference; lastKnownFileType = text.plist.xml; name = Base; path = Base.lproj/distanceTexts.plist; sourceTree = "<group>"; };
		4859595F20153D66003FC320 /* Base */ = {isa = PBXFileReference; lastKnownFileType = text.plist.strings; name = Base; path = Base.lproj/Localizable.strings; sourceTree = "<group>"; };
		4859596020153D80003FC320 /* de */ = {isa = PBXFileReference; lastKnownFileType = text.plist.strings; name = de; path = de.lproj/InfoPlist.strings; sourceTree = "<group>"; };
		4859596120153D80003FC320 /* de */ = {isa = PBXFileReference; lastKnownFileType = text.plist.xml; name = de; path = de.lproj/distanceTexts.plist; sourceTree = "<group>"; };
		4859596220153D81003FC320 /* de */ = {isa = PBXFileReference; lastKnownFileType = text.plist.strings; name = de; path = de.lproj/Localizable.strings; sourceTree = "<group>"; };
		489B74561FE99BBE0020B4CB /* StadionCompass.app */ = {isa = PBXFileReference; explicitFileType = wrapper.application; includeInIndex = 0; path = StadionCompass.app; sourceTree = BUILT_PRODUCTS_DIR; };
		489B74591FE99BBE0020B4CB /* AppDelegate.swift */ = {isa = PBXFileReference; lastKnownFileType = sourcecode.swift; path = AppDelegate.swift; sourceTree = "<group>"; };
		489B745B1FE99BBE0020B4CB /* ViewController.swift */ = {isa = PBXFileReference; lastKnownFileType = sourcecode.swift; path = ViewController.swift; sourceTree = "<group>"; };
		489B74601FE99BBE0020B4CB /* Assets.xcassets */ = {isa = PBXFileReference; lastKnownFileType = folder.assetcatalog; path = Assets.xcassets; sourceTree = "<group>"; };
		489B746D1FE99E510020B4CB /* StadionData.plist */ = {isa = PBXFileReference; lastKnownFileType = text.plist.xml; path = StadionData.plist; sourceTree = "<group>"; };
		489B746F1FE99FF70020B4CB /* supportfunctions.swift */ = {isa = PBXFileReference; lastKnownFileType = sourcecode.swift; path = supportfunctions.swift; sourceTree = "<group>"; };
		489B74711FE9A7650020B4CB /* Stadium.swift */ = {isa = PBXFileReference; fileEncoding = 4; lastKnownFileType = sourcecode.swift; path = Stadium.swift; sourceTree = "<group>"; };
		48FD299F2027857800724D0C /* plist2csv */ = {isa = PBXFileReference; explicitFileType = "compiled.mach-o.executable"; includeInIndex = 0; path = plist2csv; sourceTree = BUILT_PRODUCTS_DIR; };
		48FD29A12027857800724D0C /* main.swift */ = {isa = PBXFileReference; lastKnownFileType = sourcecode.swift; path = main.swift; sourceTree = "<group>"; };
		48FD29A82027883600724D0C /* StadionData.plist */ = {isa = PBXFileReference; lastKnownFileType = text.plist.xml; path = StadionData.plist; sourceTree = "<group>"; };
		48FD29A92028EBEB00724D0C /* fr */ = {isa = PBXFileReference; lastKnownFileType = text.plist.strings; name = fr; path = fr.lproj/InfoPlist.strings; sourceTree = "<group>"; };
		48FD29AA2028EBEB00724D0C /* fr */ = {isa = PBXFileReference; lastKnownFileType = text.plist.xml; name = fr; path = fr.lproj/distanceTexts.plist; sourceTree = "<group>"; };
		48FD29AB2028EBEB00724D0C /* fr */ = {isa = PBXFileReference; lastKnownFileType = text.plist.strings; name = fr; path = fr.lproj/Localizable.strings; sourceTree = "<group>"; };
		48FD29AC2028EBFA00724D0C /* es */ = {isa = PBXFileReference; lastKnownFileType = text.plist.strings; name = es; path = es.lproj/InfoPlist.strings; sourceTree = "<group>"; };
		48FD29AD2028EBFA00724D0C /* es */ = {isa = PBXFileReference; lastKnownFileType = text.plist.xml; name = es; path = es.lproj/distanceTexts.plist; sourceTree = "<group>"; };
		48FD29AE2028EBFA00724D0C /* es */ = {isa = PBXFileReference; lastKnownFileType = text.plist.strings; name = es; path = es.lproj/Localizable.strings; sourceTree = "<group>"; };
/* End PBXFileReference section */

/* Begin PBXFrameworksBuildPhase section */
		489B74531FE99BBE0020B4CB /* Frameworks */ = {
			isa = PBXFrameworksBuildPhase;
			buildActionMask = 2147483647;
			files = (
			);
			runOnlyForDeploymentPostprocessing = 0;
		};
		48FD299C2027857800724D0C /* Frameworks */ = {
			isa = PBXFrameworksBuildPhase;
			buildActionMask = 2147483647;
			files = (
			);
			runOnlyForDeploymentPostprocessing = 0;
		};
/* End PBXFrameworksBuildPhase section */

/* Begin PBXGroup section */
		489B744D1FE99BBE0020B4CB = {
			isa = PBXGroup;
			children = (
				489B74581FE99BBE0020B4CB /* StadionCompass */,
				48FD29A02027857800724D0C /* plist2csv */,
				489B74571FE99BBE0020B4CB /* Products */,
			);
			sourceTree = "<group>";
		};
		489B74571FE99BBE0020B4CB /* Products */ = {
			isa = PBXGroup;
			children = (
				489B74561FE99BBE0020B4CB /* StadionCompass.app */,
				48FD299F2027857800724D0C /* plist2csv */,
			);
			name = Products;
			sourceTree = "<group>";
		};
		489B74581FE99BBE0020B4CB /* StadionCompass */ = {
			isa = PBXGroup;
			children = (
				489B74591FE99BBE0020B4CB /* AppDelegate.swift */,
				489B746F1FE99FF70020B4CB /* supportfunctions.swift */,
				489B74711FE9A7650020B4CB /* Stadium.swift */,
				481571C11FF17070009A5A28 /* StadiumSelectorViewController.swift */,
				484B0C902014B97100D9BADE /* StadiumSelectorCell.swift */,
				489B745B1FE99BBE0020B4CB /* ViewController.swift */,
				481571B31FEBF1F0009A5A28 /* cmykUIColor.swift */,
				4859595320153B67003FC320 /* Main.storyboard */,
				489B74601FE99BBE0020B4CB /* Assets.xcassets */,
				489B74621FE99BBE0020B4CB /* LaunchScreen.storyboard */,
				4859595620153B9B003FC320 /* Info.plist */,
				489B746D1FE99E510020B4CB /* StadionData.plist */,
				4859595A20153BDE003FC320 /* InfoPlist.strings */,
				48FAAB602011365F006C8D61 /* distanceTexts.plist */,
				4859594320153756003FC320 /* Localizable.strings */,
			);
			path = StadionCompass;
			sourceTree = "<group>";
		};
		48FD29A02027857800724D0C /* plist2csv */ = {
			isa = PBXGroup;
			children = (
				48FD29A82027883600724D0C /* StadionData.plist */,
				48FD29A12027857800724D0C /* main.swift */,
			);
			path = plist2csv;
			sourceTree = "<group>";
		};
/* End PBXGroup section */

/* Begin PBXNativeTarget section */
		489B74551FE99BBE0020B4CB /* StadionCompass */ = {
			isa = PBXNativeTarget;
			buildConfigurationList = 489B74681FE99BBE0020B4CB /* Build configuration list for PBXNativeTarget "StadionCompass" */;
			buildPhases = (
				481571B01FEB189D009A5A28 /* Increment CFBundleVersion */,
				489B74521FE99BBE0020B4CB /* Sources */,
				489B74531FE99BBE0020B4CB /* Frameworks */,
				489B74541FE99BBE0020B4CB /* Resources */,
			);
			buildRules = (
			);
			dependencies = (
			);
			name = StadionCompass;
			productName = StadionCompass;
			productReference = 489B74561FE99BBE0020B4CB /* StadionCompass.app */;
			productType = "com.apple.product-type.application";
		};
		48FD299E2027857800724D0C /* plist2csv */ = {
			isa = PBXNativeTarget;
			buildConfigurationList = 48FD29A52027857800724D0C /* Build configuration list for PBXNativeTarget "plist2csv" */;
			buildPhases = (
				48FD299B2027857800724D0C /* Sources */,
				48FD299C2027857800724D0C /* Frameworks */,
				48FD299D2027857800724D0C /* CopyFiles */,
			);
			buildRules = (
			);
			dependencies = (
			);
			name = plist2csv;
			productName = plist2csv;
			productReference = 48FD299F2027857800724D0C /* plist2csv */;
			productType = "com.apple.product-type.tool";
		};
/* End PBXNativeTarget section */

/* Begin PBXProject section */
		489B744E1FE99BBE0020B4CB /* Project object */ = {
			isa = PBXProject;
			attributes = {
				LastSwiftUpdateCheck = 0920;
				LastUpgradeCheck = 0920;
				ORGANIZATIONNAME = "Holger Krupp";
				TargetAttributes = {
					489B74551FE99BBE0020B4CB = {
						CreatedOnToolsVersion = 9.2;
						ProvisioningStyle = Automatic;
					};
					48FD299E2027857800724D0C = {
						CreatedOnToolsVersion = 9.2;
						ProvisioningStyle = Automatic;
					};
				};
			};
			buildConfigurationList = 489B74511FE99BBE0020B4CB /* Build configuration list for PBXProject "StadionCompass" */;
			compatibilityVersion = "Xcode 8.0";
			developmentRegion = en;
			hasScannedForEncodings = 0;
			knownRegions = (
				en,
				Base,
				de,
				fr,
				es,
			);
			mainGroup = 489B744D1FE99BBE0020B4CB;
			productRefGroup = 489B74571FE99BBE0020B4CB /* Products */;
			projectDirPath = "";
			projectRoot = "";
			targets = (
				489B74551FE99BBE0020B4CB /* StadionCompass */,
				48FD299E2027857800724D0C /* plist2csv */,
			);
		};
/* End PBXProject section */

/* Begin PBXResourcesBuildPhase section */
		489B74541FE99BBE0020B4CB /* Resources */ = {
			isa = PBXResourcesBuildPhase;
			buildActionMask = 2147483647;
			files = (
				489B74641FE99BBE0020B4CB /* LaunchScreen.storyboard in Resources */,
				4859595820153BDE003FC320 /* InfoPlist.strings in Resources */,
				489B74611FE99BBE0020B4CB /* Assets.xcassets in Resources */,
				4859595520153B67003FC320 /* Main.storyboard in Resources */,
				48FAAB5E2011365F006C8D61 /* distanceTexts.plist in Resources */,
				4859594120153756003FC320 /* Localizable.strings in Resources */,
				489B746E1FE99E510020B4CB /* StadionData.plist in Resources */,
			);
			runOnlyForDeploymentPostprocessing = 0;
		};
/* End PBXResourcesBuildPhase section */

/* Begin PBXShellScriptBuildPhase section */
		481571B01FEB189D009A5A28 /* Increment CFBundleVersion */ = {
			isa = PBXShellScriptBuildPhase;
			buildActionMask = 2147483647;
			files = (
			);
			inputPaths = (
			);
			name = "Increment CFBundleVersion";
			outputPaths = (
			);
			runOnlyForDeploymentPostprocessing = 0;
			shellPath = /bin/sh;
			shellScript = "buildNumber=$(/usr/libexec/PlistBuddy -c \"Print CFBundleVersion\" \"${PROJECT_DIR}/${INFOPLIST_FILE}\")\nbuildNumber=$(($buildNumber + 1))\n/usr/libexec/PlistBuddy -c \"Set :CFBundleVersion $buildNumber\" \"${PROJECT_DIR}/${INFOPLIST_FILE}\"";
		};
/* End PBXShellScriptBuildPhase section */

/* Begin PBXSourcesBuildPhase section */
		489B74521FE99BBE0020B4CB /* Sources */ = {
			isa = PBXSourcesBuildPhase;
			buildActionMask = 2147483647;
			files = (
				481571B41FEBF1F0009A5A28 /* cmykUIColor.swift in Sources */,
				489B745C1FE99BBE0020B4CB /* ViewController.swift in Sources */,
				489B745A1FE99BBE0020B4CB /* AppDelegate.swift in Sources */,
				489B74721FE9A7650020B4CB /* Stadium.swift in Sources */,
				481571C21FF17070009A5A28 /* StadiumSelectorViewController.swift in Sources */,
				484B0C912014B97100D9BADE /* StadiumSelectorCell.swift in Sources */,
				48FD29A72027870900724D0C /* supportfunctions.swift in Sources */,
			);
			runOnlyForDeploymentPostprocessing = 0;
		};
		48FD299B2027857800724D0C /* Sources */ = {
			isa = PBXSourcesBuildPhase;
			buildActionMask = 2147483647;
			files = (
				48FD29A22027857800724D0C /* main.swift in Sources */,
			);
			runOnlyForDeploymentPostprocessing = 0;
		};
/* End PBXSourcesBuildPhase section */

/* Begin PBXVariantGroup section */
		4859594320153756003FC320 /* Localizable.strings */ = {
			isa = PBXVariantGroup;
			children = (
				4859595F20153D66003FC320 /* Base */,
				4859596220153D81003FC320 /* de */,
				48FD29AB2028EBEB00724D0C /* fr */,
				48FD29AE2028EBFA00724D0C /* es */,
			);
			name = Localizable.strings;
			sourceTree = "<group>";
		};
		4859595320153B67003FC320 /* Main.storyboard */ = {
			isa = PBXVariantGroup;
			children = (
				4859595B20153D00003FC320 /* Base */,
			);
			name = Main.storyboard;
			sourceTree = "<group>";
		};
		4859595A20153BDE003FC320 /* InfoPlist.strings */ = {
			isa = PBXVariantGroup;
			children = (
				4859595D20153D50003FC320 /* Base */,
				4859596020153D80003FC320 /* de */,
				48FD29A92028EBEB00724D0C /* fr */,
				48FD29AC2028EBFA00724D0C /* es */,
			);
			name = InfoPlist.strings;
			sourceTree = "<group>";
		};
		489B74621FE99BBE0020B4CB /* LaunchScreen.storyboard */ = {
			isa = PBXVariantGroup;
			children = (
				4859595C20153D00003FC320 /* Base */,
			);
			name = LaunchScreen.storyboard;
			sourceTree = "<group>";
		};
		48FAAB602011365F006C8D61 /* distanceTexts.plist */ = {
			isa = PBXVariantGroup;
			children = (
				4859595E20153D5F003FC320 /* Base */,
				4859596120153D80003FC320 /* de */,
				48FD29AA2028EBEB00724D0C /* fr */,
				48FD29AD2028EBFA00724D0C /* es */,
			);
			name = distanceTexts.plist;
			sourceTree = "<group>";
		};
/* End PBXVariantGroup section */

/* Begin XCBuildConfiguration section */
		489B74661FE99BBE0020B4CB /* Debug */ = {
			isa = XCBuildConfiguration;
			buildSettings = {
				ALWAYS_SEARCH_USER_PATHS = NO;
				CLANG_ANALYZER_LOCALIZABILITY_NONLOCALIZED = YES;
				CLANG_ANALYZER_NONNULL = YES;
				CLANG_ANALYZER_NUMBER_OBJECT_CONVERSION = YES_AGGRESSIVE;
				CLANG_CXX_LANGUAGE_STANDARD = "gnu++14";
				CLANG_CXX_LIBRARY = "libc++";
				CLANG_ENABLE_MODULES = YES;
				CLANG_ENABLE_OBJC_ARC = YES;
				CLANG_WARN_BLOCK_CAPTURE_AUTORELEASING = YES;
				CLANG_WARN_BOOL_CONVERSION = YES;
				CLANG_WARN_COMMA = YES;
				CLANG_WARN_CONSTANT_CONVERSION = YES;
				CLANG_WARN_DIRECT_OBJC_ISA_USAGE = YES_ERROR;
				CLANG_WARN_DOCUMENTATION_COMMENTS = YES;
				CLANG_WARN_EMPTY_BODY = YES;
				CLANG_WARN_ENUM_CONVERSION = YES;
				CLANG_WARN_INFINITE_RECURSION = YES;
				CLANG_WARN_INT_CONVERSION = YES;
				CLANG_WARN_NON_LITERAL_NULL_CONVERSION = YES;
				CLANG_WARN_OBJC_LITERAL_CONVERSION = YES;
				CLANG_WARN_OBJC_ROOT_CLASS = YES_ERROR;
				CLANG_WARN_RANGE_LOOP_ANALYSIS = YES;
				CLANG_WARN_STRICT_PROTOTYPES = YES;
				CLANG_WARN_SUSPICIOUS_MOVE = YES;
				CLANG_WARN_UNGUARDED_AVAILABILITY = YES_AGGRESSIVE;
				CLANG_WARN_UNREACHABLE_CODE = YES;
				CLANG_WARN__DUPLICATE_METHOD_MATCH = YES;
				CODE_SIGN_IDENTITY = "iPhone Developer";
				COPY_PHASE_STRIP = NO;
				DEBUG_INFORMATION_FORMAT = dwarf;
				ENABLE_STRICT_OBJC_MSGSEND = YES;
				ENABLE_TESTABILITY = YES;
				GCC_C_LANGUAGE_STANDARD = gnu11;
				GCC_DYNAMIC_NO_PIC = NO;
				GCC_NO_COMMON_BLOCKS = YES;
				GCC_OPTIMIZATION_LEVEL = 0;
				GCC_PREPROCESSOR_DEFINITIONS = (
					"DEBUG=1",
					"$(inherited)",
				);
				GCC_WARN_64_TO_32_BIT_CONVERSION = YES;
				GCC_WARN_ABOUT_RETURN_TYPE = YES_ERROR;
				GCC_WARN_UNDECLARED_SELECTOR = YES;
				GCC_WARN_UNINITIALIZED_AUTOS = YES_AGGRESSIVE;
				GCC_WARN_UNUSED_FUNCTION = YES;
				GCC_WARN_UNUSED_VARIABLE = YES;
				IPHONEOS_DEPLOYMENT_TARGET = 11.2;
				MTL_ENABLE_DEBUG_INFO = YES;
				ONLY_ACTIVE_ARCH = YES;
				SDKROOT = iphoneos;
				SWIFT_ACTIVE_COMPILATION_CONDITIONS = DEBUG;
				SWIFT_OPTIMIZATION_LEVEL = "-Onone";
			};
			name = Debug;
		};
		489B74671FE99BBE0020B4CB /* Release */ = {
			isa = XCBuildConfiguration;
			buildSettings = {
				ALWAYS_SEARCH_USER_PATHS = NO;
				CLANG_ANALYZER_LOCALIZABILITY_NONLOCALIZED = YES;
				CLANG_ANALYZER_NONNULL = YES;
				CLANG_ANALYZER_NUMBER_OBJECT_CONVERSION = YES_AGGRESSIVE;
				CLANG_CXX_LANGUAGE_STANDARD = "gnu++14";
				CLANG_CXX_LIBRARY = "libc++";
				CLANG_ENABLE_MODULES = YES;
				CLANG_ENABLE_OBJC_ARC = YES;
				CLANG_WARN_BLOCK_CAPTURE_AUTORELEASING = YES;
				CLANG_WARN_BOOL_CONVERSION = YES;
				CLANG_WARN_COMMA = YES;
				CLANG_WARN_CONSTANT_CONVERSION = YES;
				CLANG_WARN_DIRECT_OBJC_ISA_USAGE = YES_ERROR;
				CLANG_WARN_DOCUMENTATION_COMMENTS = YES;
				CLANG_WARN_EMPTY_BODY = YES;
				CLANG_WARN_ENUM_CONVERSION = YES;
				CLANG_WARN_INFINITE_RECURSION = YES;
				CLANG_WARN_INT_CONVERSION = YES;
				CLANG_WARN_NON_LITERAL_NULL_CONVERSION = YES;
				CLANG_WARN_OBJC_LITERAL_CONVERSION = YES;
				CLANG_WARN_OBJC_ROOT_CLASS = YES_ERROR;
				CLANG_WARN_RANGE_LOOP_ANALYSIS = YES;
				CLANG_WARN_STRICT_PROTOTYPES = YES;
				CLANG_WARN_SUSPICIOUS_MOVE = YES;
				CLANG_WARN_UNGUARDED_AVAILABILITY = YES_AGGRESSIVE;
				CLANG_WARN_UNREACHABLE_CODE = YES;
				CLANG_WARN__DUPLICATE_METHOD_MATCH = YES;
				CODE_SIGN_IDENTITY = "iPhone Developer";
				COPY_PHASE_STRIP = NO;
				DEBUG_INFORMATION_FORMAT = "dwarf-with-dsym";
				ENABLE_NS_ASSERTIONS = NO;
				ENABLE_STRICT_OBJC_MSGSEND = YES;
				GCC_C_LANGUAGE_STANDARD = gnu11;
				GCC_NO_COMMON_BLOCKS = YES;
				GCC_WARN_64_TO_32_BIT_CONVERSION = YES;
				GCC_WARN_ABOUT_RETURN_TYPE = YES_ERROR;
				GCC_WARN_UNDECLARED_SELECTOR = YES;
				GCC_WARN_UNINITIALIZED_AUTOS = YES_AGGRESSIVE;
				GCC_WARN_UNUSED_FUNCTION = YES;
				GCC_WARN_UNUSED_VARIABLE = YES;
				IPHONEOS_DEPLOYMENT_TARGET = 11.2;
				MTL_ENABLE_DEBUG_INFO = NO;
				SDKROOT = iphoneos;
				SWIFT_OPTIMIZATION_LEVEL = "-Owholemodule";
				VALIDATE_PRODUCT = YES;
			};
			name = Release;
		};
		489B74691FE99BBE0020B4CB /* Debug */ = {
			isa = XCBuildConfiguration;
			buildSettings = {
				ASSETCATALOG_COMPILER_APPICON_NAME = AppIcon;
				CODE_SIGN_STYLE = Automatic;
				DEVELOPMENT_TEAM = 46D3VYP253;
				INFOPLIST_FILE = StadionCompass/Info.plist;
				IPHONEOS_DEPLOYMENT_TARGET = 10.0;
				LD_RUNPATH_SEARCH_PATHS = "$(inherited) @executable_path/Frameworks";
				PRODUCT_BUNDLE_IDENTIFIER = de.holgerkrupp.StadiumCompass;
				PRODUCT_NAME = "$(TARGET_NAME)";
				SWIFT_VERSION = 4.0;
				TARGETED_DEVICE_FAMILY = "1,2";
			};
			name = Debug;
		};
		489B746A1FE99BBE0020B4CB /* Release */ = {
			isa = XCBuildConfiguration;
			buildSettings = {
				ASSETCATALOG_COMPILER_APPICON_NAME = AppIcon;
				CODE_SIGN_STYLE = Automatic;
				DEVELOPMENT_TEAM = 46D3VYP253;
				INFOPLIST_FILE = StadionCompass/Info.plist;
				IPHONEOS_DEPLOYMENT_TARGET = 10.0;
				LD_RUNPATH_SEARCH_PATHS = "$(inherited) @executable_path/Frameworks";
				PRODUCT_BUNDLE_IDENTIFIER = de.holgerkrupp.StadiumCompass;
				PRODUCT_NAME = "$(TARGET_NAME)";
				SWIFT_VERSION = 4.0;
				TARGETED_DEVICE_FAMILY = "1,2";
			};
			name = Release;
		};
		48FD29A32027857800724D0C /* Debug */ = {
			isa = XCBuildConfiguration;
			buildSettings = {
				CODE_SIGN_IDENTITY = "Mac Developer";
				CODE_SIGN_STYLE = Automatic;
				DEVELOPMENT_TEAM = 46D3VYP253;
				MACOSX_DEPLOYMENT_TARGET = 10.12;
				PRODUCT_NAME = "$(TARGET_NAME)";
				SDKROOT = macosx;
				SWIFT_VERSION = 4.0;
			};
			name = Debug;
		};
		48FD29A42027857800724D0C /* Release */ = {
			isa = XCBuildConfiguration;
			buildSettings = {
				CODE_SIGN_IDENTITY = "Mac Developer";
				CODE_SIGN_STYLE = Automatic;
				DEVELOPMENT_TEAM = 46D3VYP253;
				MACOSX_DEPLOYMENT_TARGET = 10.12;
				PRODUCT_NAME = "$(TARGET_NAME)";
				SDKROOT = macosx;
				SWIFT_VERSION = 4.0;
			};
			name = Release;
		};
/* End XCBuildConfiguration section */

/* Begin XCConfigurationList section */
		489B74511FE99BBE0020B4CB /* Build configuration list for PBXProject "StadionCompass" */ = {
			isa = XCConfigurationList;
			buildConfigurations = (
				489B74661FE99BBE0020B4CB /* Debug */,
				489B74671FE99BBE0020B4CB /* Release */,
			);
			defaultConfigurationIsVisible = 0;
			defaultConfigurationName = Release;
		};
		489B74681FE99BBE0020B4CB /* Build configuration list for PBXNativeTarget "StadionCompass" */ = {
			isa = XCConfigurationList;
			buildConfigurations = (
				489B74691FE99BBE0020B4CB /* Debug */,
				489B746A1FE99BBE0020B4CB /* Release */,
			);
			defaultConfigurationIsVisible = 0;
			defaultConfigurationName = Release;
		};
		48FD29A52027857800724D0C /* Build configuration list for PBXNativeTarget "plist2csv" */ = {
			isa = XCConfigurationList;
			buildConfigurations = (
				48FD29A32027857800724D0C /* Debug */,
				48FD29A42027857800724D0C /* Release */,
			);
			defaultConfigurationIsVisible = 0;
			defaultConfigurationName = Release;
		};
/* End XCConfigurationList section */
	};
	rootObject = 489B744E1FE99BBE0020B4CB /* Project object */;
}
